
Microsoft Visual Studio Solution File, Format Version 12.00
# Visual Studio Version 16
VisualStudioVersion = 16.0.29905.134
MinimumVisualStudioVersion = 10.0.40219.1
Project("{9A19103F-16F7-4668-BE54-9A1E7A4F7556}") = "SSRFACE", "SMPAPI\SSRFACE.csproj", "{40F61568-BBA9-44C0-8D80-2F7FC9ACCDBE}"
EndProject
Project("{9A19103F-16F7-4668-BE54-9A1E7A4F7556}") = "SSRFACE.BAL", "SMP.BAL\SSRFACE.BAL.csproj", "{C241F037-8A77-49BF-A991-74349B65DA2E}"
EndProject
Project("{9A19103F-16F7-4668-BE54-9A1E7A4F7556}") = "SSRFACE.DATA", "SMP.DATA\SSRFACE.DATA.csproj", "{89F6F99B-A7CD-4D4F-81FC-49C21E1CF0CF}"
EndProject
Project("{9A19103F-16F7-4668-BE54-9A1E7A4F7556}") = "SSRFACE.COMMON", "SMP.COMMON\SSRFACE.COMMON.csproj", "{9AA40B1E-359E-46E6-A6F3-DDDA5AE79930}"
EndProject
Project("{9A19103F-16F7-4668-BE54-9A1E7A4F7556}") = "SSRFACE.Repository", "SMP.Repository\SSRFACE.Repository.csproj", "{F5308952-0CD2-4260-9E35-B4076D0F2747}"
EndProject
Global
	GlobalSection(SolutionConfigurationPlatforms) = preSolution
		Debug|Any CPU = Debug|Any CPU
		Release|Any CPU = Release|Any CPU
	EndGlobalSection
	GlobalSection(ProjectConfigurationPlatforms) = postSolution
		{40F61568-BBA9-44C0-8D80-2F7FC9ACCDBE}.Debug|Any CPU.ActiveCfg = Debug|Any CPU
		{40F61568-BBA9-44C0-8D80-2F7FC9ACCDBE}.Debug|Any CPU.Build.0 = Debug|Any CPU
		{40F61568-BBA9-44C0-8D80-2F7FC9ACCDBE}.Release|Any CPU.ActiveCfg = Release|Any CPU
		{40F61568-BBA9-44C0-8D80-2F7FC9ACCDBE}.Release|Any CPU.Build.0 = Release|Any CPU
		{C241F037-8A77-49BF-A991-74349B65DA2E}.Debug|Any CPU.ActiveCfg = Debug|Any CPU
		{C241F037-8A77-49BF-A991-74349B65DA2E}.Debug|Any CPU.Build.0 = Debug|Any CPU
		{C241F037-8A77-49BF-A991-74349B65DA2E}.Release|Any CPU.ActiveCfg = Release|Any CPU
		{C241F037-8A77-49BF-A991-74349B65DA2E}.Release|Any CPU.Build.0 = Release|Any CPU
		{89F6F99B-A7CD-4D4F-81FC-49C21E1CF0CF}.Debug|Any CPU.ActiveCfg = Debug|Any CPU
		{89F6F99B-A7CD-4D4F-81FC-49C21E1CF0CF}.Debug|Any CPU.Build.0 = Debug|Any CPU
		{89F6F99B-A7CD-4D4F-81FC-49C21E1CF0CF}.Release|Any CPU.ActiveCfg = Release|Any CPU
		{89F6F99B-A7CD-4D4F-81FC-49C21E1CF0CF}.Release|Any CPU.Build.0 = Release|Any CPU
		{9AA40B1E-359E-46E6-A6F3-DDDA5AE79930}.Debug|Any CPU.ActiveCfg = Debug|Any CPU
		{9AA40B1E-359E-46E6-A6F3-DDDA5AE79930}.Debug|Any CPU.Build.0 = Debug|Any CPU
		{9AA40B1E-359E-46E6-A6F3-DDDA5AE79930}.Release|Any CPU.ActiveCfg = Release|Any CPU
		{9AA40B1E-359E-46E6-A6F3-DDDA5AE79930}.Release|Any CPU.Build.0 = Release|Any CPU
		{F5308952-0CD2-4260-9E35-B4076D0F2747}.Debug|Any CPU.ActiveCfg = Debug|Any CPU
		{F5308952-0CD2-4260-9E35-B4076D0F2747}.Debug|Any CPU.Build.0 = Debug|Any CPU
		{F5308952-0CD2-4260-9E35-B4076D0F2747}.Release|Any CPU.ActiveCfg = Release|Any CPU
		{F5308952-0CD2-4260-9E35-B4076D0F2747}.Release|Any CPU.Build.0 = Release|Any CPU
	EndGlobalSection
	GlobalSection(SolutionProperties) = preSolution
		HideSolutionNode = FALSE
	EndGlobalSection
	GlobalSection(ExtensibilityGlobals) = postSolution
		SolutionGuid = {206F4D5A-3A6F-4672-A0E3-CBE2FED39057}
	EndGlobalSection
EndGlobal
